
Microsoft Visual Studio Solution File, Format Version 12.00
# Visual Studio 14
VisualStudioVersion = 14.0.25420.1
MinimumVisualStudioVersion = 10.0.40219.1
Project("{FAE04EC0-301F-11D3-BF4B-00C04F79EFBC}") = "TestSmtp", "TestSmtp\TestSmtp.csproj", "{6CC34C09-0E8D-499C-BDE7-99B31BD749C5}"
EndProject
Project("{FAE04EC0-301F-11D3-BF4B-00C04F79EFBC}") = "LocalSmtpMailHelperLib", "LocalSmtpMailHelperLib\LocalSmtpMailHelperLib.csproj", "{829D0016-4B73-4ACD-8182-D6F7A5CB1934}"
EndProject
Global
	GlobalSection(SolutionConfigurationPlatforms) = preSolution
		Debug|Any CPU = Debug|Any CPU
		Release|Any CPU = Release|Any CPU
	EndGlobalSection
	GlobalSection(ProjectConfigurationPlatforms) = postSolution
		{6CC34C09-0E8D-499C-BDE7-99B31BD749C5}.Debug|Any CPU.ActiveCfg = Debug|Any CPU
		{6CC34C09-0E8D-499C-BDE7-99B31BD749C5}.Debug|Any CPU.Build.0 = Debug|Any CPU
		{6CC34C09-0E8D-499C-BDE7-99B31BD749C5}.Release|Any CPU.ActiveCfg = Release|Any CPU
		{6CC34C09-0E8D-499C-BDE7-99B31BD749C5}.Release|Any CPU.Build.0 = Release|Any CPU
		{829D0016-4B73-4ACD-8182-D6F7A5CB1934}.Debug|Any CPU.ActiveCfg = Debug|Any CPU
		{829D0016-4B73-4ACD-8182-D6F7A5CB1934}.Debug|Any CPU.Build.0 = Debug|Any CPU
		{829D0016-4B73-4ACD-8182-D6F7A5CB1934}.Release|Any CPU.ActiveCfg = Release|Any CPU
		{829D0016-4B73-4ACD-8182-D6F7A5CB1934}.Release|Any CPU.Build.0 = Release|Any CPU
	EndGlobalSection
	GlobalSection(SolutionProperties) = preSolution
		HideSolutionNode = FALSE
	EndGlobalSection
EndGlobal
